// !$*UTF8*$!
{
	archiveVersion = 1;
	classes = {
	};
	objectVersion = 50;
	objects = {

/* Begin PBXBuildFile section */
		B733CB2125DD55B9001834BC /* GroupsStruct.swift in Sources */ = {isa = PBXBuildFile; fileRef = B733CB2025DD55B9001834BC /* GroupsStruct.swift */; };
		B735EF7425A4BCD700C0D5E4 /* CustomView.swift in Sources */ = {isa = PBXBuildFile; fileRef = B735EF7325A4BCD700C0D5E4 /* CustomView.swift */; };
		B74067A325D959EF005E318E /* NetworkManager.swift in Sources */ = {isa = PBXBuildFile; fileRef = B74067A225D959EF005E318E /* NetworkManager.swift */; };
		B753F7F7255317E10075E5D2 /* TableViewControllerSearchGroup.swift in Sources */ = {isa = PBXBuildFile; fileRef = B753F7F6255317E10075E5D2 /* TableViewControllerSearchGroup.swift */; };
		B753F8002553B84B0075E5D2 /* TableViewCellSearchGroup.swift in Sources */ = {isa = PBXBuildFile; fileRef = B753F7FF2553B84B0075E5D2 /* TableViewCellSearchGroup.swift */; };
		B76A5FD925CAF0260079DFFA /* MySingletone.swift in Sources */ = {isa = PBXBuildFile; fileRef = B76A5FD825CAF0260079DFFA /* MySingletone.swift */; };
		B7717A1725DD65D800502FCB /* PhotosStruct.swift in Sources */ = {isa = PBXBuildFile; fileRef = B7717A1625DD65D800502FCB /* PhotosStruct.swift */; };
		B790BF2B25DC1ADB00982274 /* FreindsStruct.swift in Sources */ = {isa = PBXBuildFile; fileRef = B790BF2A25DC1ADB00982274 /* FreindsStruct.swift */; };
		B7ABA905254EF74C00A2BC25 /* TableViewControllerFreinds.swift in Sources */ = {isa = PBXBuildFile; fileRef = B7ABA904254EF74C00A2BC25 /* TableViewControllerFreinds.swift */; };
		B7ABA908254EFE4B00A2BC25 /* TableViewCellFreinds.swift in Sources */ = {isa = PBXBuildFile; fileRef = B7ABA907254EFE4B00A2BC25 /* TableViewCellFreinds.swift */; };
		B7ABA910254F0D1100A2BC25 /* TableViewControllerGroup.swift in Sources */ = {isa = PBXBuildFile; fileRef = B7ABA90F254F0D1100A2BC25 /* TableViewControllerGroup.swift */; };
		B7ABA913254F0D4400A2BC25 /* TableViewCellGroup.swift in Sources */ = {isa = PBXBuildFile; fileRef = B7ABA912254F0D4400A2BC25 /* TableViewCellGroup.swift */; };
		B7C41ED02550FD91004FC8B4 /* CollectionViewControllerFreind.swift in Sources */ = {isa = PBXBuildFile; fileRef = B7C41ECF2550FD91004FC8B4 /* CollectionViewControllerFreind.swift */; };
		B7C41ED42550FE9B004FC8B4 /* CollectionViewCellFreind.swift in Sources */ = {isa = PBXBuildFile; fileRef = B7C41ED32550FE9B004FC8B4 /* CollectionViewCellFreind.swift */; };
		B7DA26612545BB6F0020333A /* AppDelegate.swift in Sources */ = {isa = PBXBuildFile; fileRef = B7DA26602545BB6F0020333A /* AppDelegate.swift */; };
		B7DA26632545BB6F0020333A /* SceneDelegate.swift in Sources */ = {isa = PBXBuildFile; fileRef = B7DA26622545BB6F0020333A /* SceneDelegate.swift */; };
		B7DA26652545BB6F0020333A /* ViewController.swift in Sources */ = {isa = PBXBuildFile; fileRef = B7DA26642545BB6F0020333A /* ViewController.swift */; };
		B7DA26682545BB6F0020333A /* Main.storyboard in Resources */ = {isa = PBXBuildFile; fileRef = B7DA26662545BB6F0020333A /* Main.storyboard */; };
		B7DA266A2545BB6F0020333A /* Assets.xcassets in Resources */ = {isa = PBXBuildFile; fileRef = B7DA26692545BB6F0020333A /* Assets.xcassets */; };
		B7DA266D2545BB6F0020333A /* LaunchScreen.storyboard in Resources */ = {isa = PBXBuildFile; fileRef = B7DA266B2545BB6F0020333A /* LaunchScreen.storyboard */; };
/* End PBXBuildFile section */

/* Begin PBXFileReference section */
		B733CB2025DD55B9001834BC /* GroupsStruct.swift */ = {isa = PBXFileReference; fileEncoding = 4; lastKnownFileType = sourcecode.swift; path = GroupsStruct.swift; sourceTree = "<group>"; };
		B735EF7325A4BCD700C0D5E4 /* CustomView.swift */ = {isa = PBXFileReference; lastKnownFileType = sourcecode.swift; path = CustomView.swift; sourceTree = "<group>"; };
		B74067A225D959EF005E318E /* NetworkManager.swift */ = {isa = PBXFileReference; lastKnownFileType = sourcecode.swift; path = NetworkManager.swift; sourceTree = "<group>"; };
		B753F7F6255317E10075E5D2 /* TableViewControllerSearchGroup.swift */ = {isa = PBXFileReference; lastKnownFileType = sourcecode.swift; path = TableViewControllerSearchGroup.swift; sourceTree = "<group>"; };
		B753F7FF2553B84B0075E5D2 /* TableViewCellSearchGroup.swift */ = {isa = PBXFileReference; lastKnownFileType = sourcecode.swift; path = TableViewCellSearchGroup.swift; sourceTree = "<group>"; };
		B76A5FD825CAF0260079DFFA /* MySingletone.swift */ = {isa = PBXFileReference; lastKnownFileType = sourcecode.swift; path = MySingletone.swift; sourceTree = "<group>"; };
		B7717A1625DD65D800502FCB /* PhotosStruct.swift */ = {isa = PBXFileReference; lastKnownFileType = sourcecode.swift; path = PhotosStruct.swift; sourceTree = "<group>"; };
		B790BF2A25DC1ADB00982274 /* FreindsStruct.swift */ = {isa = PBXFileReference; lastKnownFileType = sourcecode.swift; path = FreindsStruct.swift; sourceTree = "<group>"; };
		B7ABA904254EF74C00A2BC25 /* TableViewControllerFreinds.swift */ = {isa = PBXFileReference; lastKnownFileType = sourcecode.swift; path = TableViewControllerFreinds.swift; sourceTree = "<group>"; };
		B7ABA907254EFE4B00A2BC25 /* TableViewCellFreinds.swift */ = {isa = PBXFileReference; lastKnownFileType = sourcecode.swift; path = TableViewCellFreinds.swift; sourceTree = "<group>"; };
		B7ABA90F254F0D1100A2BC25 /* TableViewControllerGroup.swift */ = {isa = PBXFileReference; lastKnownFileType = sourcecode.swift; path = TableViewControllerGroup.swift; sourceTree = "<group>"; };
		B7ABA912254F0D4400A2BC25 /* TableViewCellGroup.swift */ = {isa = PBXFileReference; lastKnownFileType = sourcecode.swift; path = TableViewCellGroup.swift; sourceTree = "<group>"; };
		B7C41ECF2550FD91004FC8B4 /* CollectionViewControllerFreind.swift */ = {isa = PBXFileReference; lastKnownFileType = sourcecode.swift; path = CollectionViewControllerFreind.swift; sourceTree = "<group>"; };
		B7C41ED32550FE9B004FC8B4 /* CollectionViewCellFreind.swift */ = {isa = PBXFileReference; lastKnownFileType = sourcecode.swift; path = CollectionViewCellFreind.swift; sourceTree = "<group>"; };
		B7DA265D2545BB6F0020333A /* Lesson1.app */ = {isa = PBXFileReference; explicitFileType = wrapper.application; includeInIndex = 0; path = Lesson1.app; sourceTree = BUILT_PRODUCTS_DIR; };
		B7DA26602545BB6F0020333A /* AppDelegate.swift */ = {isa = PBXFileReference; lastKnownFileType = sourcecode.swift; path = AppDelegate.swift; sourceTree = "<group>"; };
		B7DA26622545BB6F0020333A /* SceneDelegate.swift */ = {isa = PBXFileReference; lastKnownFileType = sourcecode.swift; path = SceneDelegate.swift; sourceTree = "<group>"; };
		B7DA26642545BB6F0020333A /* ViewController.swift */ = {isa = PBXFileReference; lastKnownFileType = sourcecode.swift; path = ViewController.swift; sourceTree = "<group>"; };
		B7DA26672545BB6F0020333A /* Base */ = {isa = PBXFileReference; lastKnownFileType = file.storyboard; name = Base; path = Base.lproj/Main.storyboard; sourceTree = "<group>"; };
		B7DA26692545BB6F0020333A /* Assets.xcassets */ = {isa = PBXFileReference; lastKnownFileType = folder.assetcatalog; path = Assets.xcassets; sourceTree = "<group>"; };
		B7DA266C2545BB6F0020333A /* Base */ = {isa = PBXFileReference; lastKnownFileType = file.storyboard; name = Base; path = Base.lproj/LaunchScreen.storyboard; sourceTree = "<group>"; };
		B7DA266E2545BB6F0020333A /* Info.plist */ = {isa = PBXFileReference; lastKnownFileType = text.plist.xml; path = Info.plist; sourceTree = "<group>"; };
/* End PBXFileReference section */

/* Begin PBXFrameworksBuildPhase section */
		B7DA265A2545BB6F0020333A /* Frameworks */ = {
			isa = PBXFrameworksBuildPhase;
			buildActionMask = 2147483647;
			files = (
			);
			runOnlyForDeploymentPostprocessing = 0;
		};
/* End PBXFrameworksBuildPhase section */

/* Begin PBXGroup section */
		B753F7F1255304690075E5D2 /* Model */ = {
			isa = PBXGroup;
			children = (
				B733CB2025DD55B9001834BC /* GroupsStruct.swift */,
				B790BF2A25DC1ADB00982274 /* FreindsStruct.swift */,
				B7717A1625DD65D800502FCB /* PhotosStruct.swift */,
			);
			path = Model;
			sourceTree = "<group>";
		};
		B753F7F92553187D0075E5D2 /* Freinds */ = {
			isa = PBXGroup;
			children = (
				B7ABA904254EF74C00A2BC25 /* TableViewControllerFreinds.swift */,
				B7ABA907254EFE4B00A2BC25 /* TableViewCellFreinds.swift */,
				B735EF7325A4BCD700C0D5E4 /* CustomView.swift */,
			);
			path = Freinds;
			sourceTree = "<group>";
		};
		B753F7FA255318960075E5D2 /* Profile */ = {
			isa = PBXGroup;
			children = (
				B7C41ECF2550FD91004FC8B4 /* CollectionViewControllerFreind.swift */,
				B7C41ED32550FE9B004FC8B4 /* CollectionViewCellFreind.swift */,
			);
			path = Profile;
			sourceTree = "<group>";
		};
		B753F7FC255318D20075E5D2 /* Groups */ = {
			isa = PBXGroup;
			children = (
				B7ABA90F254F0D1100A2BC25 /* TableViewControllerGroup.swift */,
				B7ABA912254F0D4400A2BC25 /* TableViewCellGroup.swift */,
			);
			path = Groups;
			sourceTree = "<group>";
		};
		B753F7FE2553B8000075E5D2 /* SearchGroup */ = {
			isa = PBXGroup;
			children = (
				B753F7F6255317E10075E5D2 /* TableViewControllerSearchGroup.swift */,
				B753F7FF2553B84B0075E5D2 /* TableViewCellSearchGroup.swift */,
			);
			path = SearchGroup;
			sourceTree = "<group>";
		};
		B7DA26542545BB6F0020333A = {
			isa = PBXGroup;
			children = (
				B7DA265F2545BB6F0020333A /* Lesson1 */,
				B7DA265E2545BB6F0020333A /* Products */,
			);
			sourceTree = "<group>";
		};
		B7DA265E2545BB6F0020333A /* Products */ = {
			isa = PBXGroup;
			children = (
				B7DA265D2545BB6F0020333A /* Lesson1.app */,
			);
			name = Products;
			sourceTree = "<group>";
		};
		B7DA265F2545BB6F0020333A /* Lesson1 */ = {
			isa = PBXGroup;
			children = (
				B753F7F1255304690075E5D2 /* Model */,
				B7DA26602545BB6F0020333A /* AppDelegate.swift */,
				B7DA26622545BB6F0020333A /* SceneDelegate.swift */,
				B7DA26642545BB6F0020333A /* ViewController.swift */,
				B7DA26662545BB6F0020333A /* Main.storyboard */,
				B753F7FE2553B8000075E5D2 /* SearchGroup */,
				B753F7FC255318D20075E5D2 /* Groups */,
				B753F7F92553187D0075E5D2 /* Freinds */,
				B753F7FA255318960075E5D2 /* Profile */,
				B7DA26692545BB6F0020333A /* Assets.xcassets */,
				B7DA266B2545BB6F0020333A /* LaunchScreen.storyboard */,
				B7DA266E2545BB6F0020333A /* Info.plist */,
				B76A5FD825CAF0260079DFFA /* MySingletone.swift */,
				B74067A225D959EF005E318E /* NetworkManager.swift */,
			);
			path = Lesson1;
			sourceTree = "<group>";
		};
/* End PBXGroup section */

/* Begin PBXNativeTarget section */
		B7DA265C2545BB6F0020333A /* Lesson1 */ = {
			isa = PBXNativeTarget;
			buildConfigurationList = B7DA26712545BB6F0020333A /* Build configuration list for PBXNativeTarget "Lesson1" */;
			buildPhases = (
				B7DA26592545BB6F0020333A /* Sources */,
				B7DA265A2545BB6F0020333A /* Frameworks */,
				B7DA265B2545BB6F0020333A /* Resources */,
			);
			buildRules = (
			);
			dependencies = (
			);
			name = Lesson1;
			productName = Lesson1;
			productReference = B7DA265D2545BB6F0020333A /* Lesson1.app */;
			productType = "com.apple.product-type.application";
		};
/* End PBXNativeTarget section */

/* Begin PBXProject section */
		B7DA26552545BB6F0020333A /* Project object */ = {
			isa = PBXProject;
			attributes = {
				LastSwiftUpdateCheck = 1210;
				LastUpgradeCheck = 1210;
				TargetAttributes = {
					B7DA265C2545BB6F0020333A = {
						CreatedOnToolsVersion = 12.1;
					};
				};
			};
			buildConfigurationList = B7DA26582545BB6F0020333A /* Build configuration list for PBXProject "Lesson1" */;
			compatibilityVersion = "Xcode 9.3";
			developmentRegion = en;
			hasScannedForEncodings = 0;
			knownRegions = (
				en,
				Base,
			);
			mainGroup = B7DA26542545BB6F0020333A;
			productRefGroup = B7DA265E2545BB6F0020333A /* Products */;
			projectDirPath = "";
			projectRoot = "";
			targets = (
				B7DA265C2545BB6F0020333A /* Lesson1 */,
			);
		};
/* End PBXProject section */

/* Begin PBXResourcesBuildPhase section */
		B7DA265B2545BB6F0020333A /* Resources */ = {
			isa = PBXResourcesBuildPhase;
			buildActionMask = 2147483647;
			files = (
				B7DA266D2545BB6F0020333A /* LaunchScreen.storyboard in Resources */,
				B7DA266A2545BB6F0020333A /* Assets.xcassets in Resources */,
				B7DA26682545BB6F0020333A /* Main.storyboard in Resources */,
			);
			runOnlyForDeploymentPostprocessing = 0;
		};
/* End PBXResourcesBuildPhase section */

/* Begin PBXSourcesBuildPhase section */
		B7DA26592545BB6F0020333A /* Sources */ = {
			isa = PBXSourcesBuildPhase;
			buildActionMask = 2147483647;
			files = (
				B7717A1725DD65D800502FCB /* PhotosStruct.swift in Sources */,
				B7C41ED42550FE9B004FC8B4 /* CollectionViewCellFreind.swift in Sources */,
				B7DA26652545BB6F0020333A /* ViewController.swift in Sources */,
				B733CB2125DD55B9001834BC /* GroupsStruct.swift in Sources */,
				B7ABA910254F0D1100A2BC25 /* TableViewControllerGroup.swift in Sources */,
				B735EF7425A4BCD700C0D5E4 /* CustomView.swift in Sources */,
				B74067A325D959EF005E318E /* NetworkManager.swift in Sources */,
				B7C41ED02550FD91004FC8B4 /* CollectionViewControllerFreind.swift in Sources */,
				B7DA26612545BB6F0020333A /* AppDelegate.swift in Sources */,
				B7ABA905254EF74C00A2BC25 /* TableViewControllerFreinds.swift in Sources */,
				B76A5FD925CAF0260079DFFA /* MySingletone.swift in Sources */,
				B7ABA913254F0D4400A2BC25 /* TableViewCellGroup.swift in Sources */,
				B753F8002553B84B0075E5D2 /* TableViewCellSearchGroup.swift in Sources */,
				B7DA26632545BB6F0020333A /* SceneDelegate.swift in Sources */,
				B753F7F7255317E10075E5D2 /* TableViewControllerSearchGroup.swift in Sources */,
				B790BF2B25DC1ADB00982274 /* FreindsStruct.swift in Sources */,
				B7ABA908254EFE4B00A2BC25 /* TableViewCellFreinds.swift in Sources */,
			);
			runOnlyForDeploymentPostprocessing = 0;
		};
/* End PBXSourcesBuildPhase section */

/* Begin PBXVariantGroup section */
		B7DA26662545BB6F0020333A /* Main.storyboard */ = {
			isa = PBXVariantGroup;
			children = (
				B7DA26672545BB6F0020333A /* Base */,
			);
			name = Main.storyboard;
			sourceTree = "<group>";
		};
		B7DA266B2545BB6F0020333A /* LaunchScreen.storyboard */ = {
			isa = PBXVariantGroup;
			children = (
				B7DA266C2545BB6F0020333A /* Base */,
			);
			name = LaunchScreen.storyboard;
			sourceTree = "<group>";
		};
/* End PBXVariantGroup section */

/* Begin XCBuildConfiguration section */
		B7DA266F2545BB6F0020333A /* Debug */ = {
			isa = XCBuildConfiguration;
			buildSettings = {
				ALWAYS_SEARCH_USER_PATHS = NO;
				CLANG_ANALYZER_NONNULL = YES;
				CLANG_ANALYZER_NUMBER_OBJECT_CONVERSION = YES_AGGRESSIVE;
				CLANG_CXX_LANGUAGE_STANDARD = "gnu++14";
				CLANG_CXX_LIBRARY = "libc++";
				CLANG_ENABLE_MODULES = YES;
				CLANG_ENABLE_OBJC_ARC = YES;
				CLANG_ENABLE_OBJC_WEAK = YES;
				CLANG_WARN_BLOCK_CAPTURE_AUTORELEASING = YES;
				CLANG_WARN_BOOL_CONVERSION = YES;
				CLANG_WARN_COMMA = YES;
				CLANG_WARN_CONSTANT_CONVERSION = YES;
				CLANG_WARN_DEPRECATED_OBJC_IMPLEMENTATIONS = YES;
				CLANG_WARN_DIRECT_OBJC_ISA_USAGE = YES_ERROR;
				CLANG_WARN_DOCUMENTATION_COMMENTS = YES;
				CLANG_WARN_EMPTY_BODY = YES;
				CLANG_WARN_ENUM_CONVERSION = YES;
				CLANG_WARN_INFINITE_RECURSION = YES;
				CLANG_WARN_INT_CONVERSION = YES;
				CLANG_WARN_NON_LITERAL_NULL_CONVERSION = YES;
				CLANG_WARN_OBJC_IMPLICIT_RETAIN_SELF = YES;
				CLANG_WARN_OBJC_LITERAL_CONVERSION = YES;
				CLANG_WARN_OBJC_ROOT_CLASS = YES_ERROR;
				CLANG_WARN_QUOTED_INCLUDE_IN_FRAMEWORK_HEADER = YES;
				CLANG_WARN_RANGE_LOOP_ANALYSIS = YES;
				CLANG_WARN_STRICT_PROTOTYPES = YES;
				CLANG_WARN_SUSPICIOUS_MOVE = YES;
				CLANG_WARN_UNGUARDED_AVAILABILITY = YES_AGGRESSIVE;
				CLANG_WARN_UNREACHABLE_CODE = YES;
				CLANG_WARN__DUPLICATE_METHOD_MATCH = YES;
				COPY_PHASE_STRIP = NO;
				DEBUG_INFORMATION_FORMAT = dwarf;
				ENABLE_STRICT_OBJC_MSGSEND = YES;
				ENABLE_TESTABILITY = YES;
				GCC_C_LANGUAGE_STANDARD = gnu11;
				GCC_DYNAMIC_NO_PIC = NO;
				GCC_NO_COMMON_BLOCKS = YES;
				GCC_OPTIMIZATION_LEVEL = 0;
				GCC_PREPROCESSOR_DEFINITIONS = (
					"DEBUG=1",
					"$(inherited)",
				);
				GCC_WARN_64_TO_32_BIT_CONVERSION = YES;
				GCC_WARN_ABOUT_RETURN_TYPE = YES_ERROR;
				GCC_WARN_UNDECLARED_SELECTOR = YES;
				GCC_WARN_UNINITIALIZED_AUTOS = YES_AGGRESSIVE;
				GCC_WARN_UNUSED_FUNCTION = YES;
				GCC_WARN_UNUSED_VARIABLE = YES;
				IPHONEOS_DEPLOYMENT_TARGET = 14.1;
				MTL_ENABLE_DEBUG_INFO = INCLUDE_SOURCE;
				MTL_FAST_MATH = YES;
				ONLY_ACTIVE_ARCH = YES;
				SDKROOT = iphoneos;
				SWIFT_ACTIVE_COMPILATION_CONDITIONS = DEBUG;
				SWIFT_OPTIMIZATION_LEVEL = "-Onone";
			};
			name = Debug;
		};
		B7DA26702545BB6F0020333A /* Release */ = {
			isa = XCBuildConfiguration;
			buildSettings = {
				ALWAYS_SEARCH_USER_PATHS = NO;
				CLANG_ANALYZER_NONNULL = YES;
				CLANG_ANALYZER_NUMBER_OBJECT_CONVERSION = YES_AGGRESSIVE;
				CLANG_CXX_LANGUAGE_STANDARD = "gnu++14";
				CLANG_CXX_LIBRARY = "libc++";
				CLANG_ENABLE_MODULES = YES;
				CLANG_ENABLE_OBJC_ARC = YES;
				CLANG_ENABLE_OBJC_WEAK = YES;
				CLANG_WARN_BLOCK_CAPTURE_AUTORELEASING = YES;
				CLANG_WARN_BOOL_CONVERSION = YES;
				CLANG_WARN_COMMA = YES;
				CLANG_WARN_CONSTANT_CONVERSION = YES;
				CLANG_WARN_DEPRECATED_OBJC_IMPLEMENTATIONS = YES;
				CLANG_WARN_DIRECT_OBJC_ISA_USAGE = YES_ERROR;
				CLANG_WARN_DOCUMENTATION_COMMENTS = YES;
				CLANG_WARN_EMPTY_BODY = YES;
				CLANG_WARN_ENUM_CONVERSION = YES;
				CLANG_WARN_INFINITE_RECURSION = YES;
				CLANG_WARN_INT_CONVERSION = YES;
				CLANG_WARN_NON_LITERAL_NULL_CONVERSION = YES;
				CLANG_WARN_OBJC_IMPLICIT_RETAIN_SELF = YES;
				CLANG_WARN_OBJC_LITERAL_CONVERSION = YES;
				CLANG_WARN_OBJC_ROOT_CLASS = YES_ERROR;
				CLANG_WARN_QUOTED_INCLUDE_IN_FRAMEWORK_HEADER = YES;
				CLANG_WARN_RANGE_LOOP_ANALYSIS = YES;
				CLANG_WARN_STRICT_PROTOTYPES = YES;
				CLANG_WARN_SUSPICIOUS_MOVE = YES;
				CLANG_WARN_UNGUARDED_AVAILABILITY = YES_AGGRESSIVE;
				CLANG_WARN_UNREACHABLE_CODE = YES;
				CLANG_WARN__DUPLICATE_METHOD_MATCH = YES;
				COPY_PHASE_STRIP = NO;
				DEBUG_INFORMATION_FORMAT = "dwarf-with-dsym";
				ENABLE_NS_ASSERTIONS = NO;
				ENABLE_STRICT_OBJC_MSGSEND = YES;
				GCC_C_LANGUAGE_STANDARD = gnu11;
				GCC_NO_COMMON_BLOCKS = YES;
				GCC_WARN_64_TO_32_BIT_CONVERSION = YES;
				GCC_WARN_ABOUT_RETURN_TYPE = YES_ERROR;
				GCC_WARN_UNDECLARED_SELECTOR = YES;
				GCC_WARN_UNINITIALIZED_AUTOS = YES_AGGRESSIVE;
				GCC_WARN_UNUSED_FUNCTION = YES;
				GCC_WARN_UNUSED_VARIABLE = YES;
				IPHONEOS_DEPLOYMENT_TARGET = 14.1;
				MTL_ENABLE_DEBUG_INFO = NO;
				MTL_FAST_MATH = YES;
				SDKROOT = iphoneos;
				SWIFT_COMPILATION_MODE = wholemodule;
				SWIFT_OPTIMIZATION_LEVEL = "-O";
				VALIDATE_PRODUCT = YES;
			};
			name = Release;
		};
		B7DA26722545BB6F0020333A /* Debug */ = {
			isa = XCBuildConfiguration;
			buildSettings = {
				ASSETCATALOG_COMPILER_APPICON_NAME = AppIcon;
				ASSETCATALOG_COMPILER_GLOBAL_ACCENT_COLOR_NAME = AccentColor;
				CODE_SIGN_STYLE = Automatic;
				DEVELOPMENT_TEAM = RP6KG42D87;
				INFOPLIST_FILE = Lesson1/Info.plist;
				LD_RUNPATH_SEARCH_PATHS = (
					"$(inherited)",
					"@executable_path/Frameworks",
				);
				PRODUCT_BUNDLE_IDENTIFIER = denis.degtyarenko.Lesson1;
				PRODUCT_NAME = "$(TARGET_NAME)";
				SWIFT_VERSION = 5.0;
				TARGETED_DEVICE_FAMILY = "1,2";
			};
			name = Debug;
		};
		B7DA26732545BB6F0020333A /* Release */ = {
			isa = XCBuildConfiguration;
			buildSettings = {
				ASSETCATALOG_COMPILER_APPICON_NAME = AppIcon;
				ASSETCATALOG_COMPILER_GLOBAL_ACCENT_COLOR_NAME = AccentColor;
				CODE_SIGN_STYLE = Automatic;
				DEVELOPMENT_TEAM = RP6KG42D87;
				INFOPLIST_FILE = Lesson1/Info.plist;
				LD_RUNPATH_SEARCH_PATHS = (
					"$(inherited)",
					"@executable_path/Frameworks",
				);
				PRODUCT_BUNDLE_IDENTIFIER = denis.degtyarenko.Lesson1;
				PRODUCT_NAME = "$(TARGET_NAME)";
				SWIFT_VERSION = 5.0;
				TARGETED_DEVICE_FAMILY = "1,2";
			};
			name = Release;
		};
/* End XCBuildConfiguration section */

/* Begin XCConfigurationList section */
		B7DA26582545BB6F0020333A /* Build configuration list for PBXProject "Lesson1" */ = {
			isa = XCConfigurationList;
			buildConfigurations = (
				B7DA266F2545BB6F0020333A /* Debug */,
				B7DA26702545BB6F0020333A /* Release */,
			);
			defaultConfigurationIsVisible = 0;
			defaultConfigurationName = Release;
		};
		B7DA26712545BB6F0020333A /* Build configuration list for PBXNativeTarget "Lesson1" */ = {
			isa = XCConfigurationList;
			buildConfigurations = (
				B7DA26722545BB6F0020333A /* Debug */,
				B7DA26732545BB6F0020333A /* Release */,
			);
			defaultConfigurationIsVisible = 0;
			defaultConfigurationName = Release;
		};
/* End XCConfigurationList section */
	};
	rootObject = B7DA26552545BB6F0020333A /* Project object */;
}
